{
    "_meta": {
        "hash": {
            "sha256": "bf2b4d834c9cb264f98f42e0a7ff295aa4b5f79486357fa664e7475b7ca5c78d"
        },
        "pipfile-spec": 6,
        "requires": {
            "python_version": "3.8"
        },
        "sources": [
            {
                "name": "pypi",
                "url": "https://pypi.python.org/simple",
                "verify_ssl": true
            }
        ]
    },
    "default": {
        "bio": {
            "hashes": [
                "sha256:1a482e2f3aa0b83ebf08cb5e5a099c527463f4a95182bc81fd31a2217a265f5a",
                "sha256:23535a9cb11aaa4b792e4c9b3a88c76ccfe0df6710b282da3a4e2427193df643"
            ],
            "index": "pypi",
            "version": "==0.1.0"
        }
    },
    "develop": {}
}
